// !$*UTF8*$!
{
	archiveVersion = 1;
	classes = {
	};
	objectVersion = 46;
	objects = {

/* Begin PBXBuildFile section */
		FC9CF6091DED6DFF002FA9EA /* AppDelegate.swift in Sources */ = {isa = PBXBuildFile; fileRef = FC9CF6081DED6DFF002FA9EA /* AppDelegate.swift */; };
		FC9CF60B1DED6DFF002FA9EA /* ViewController.swift in Sources */ = {isa = PBXBuildFile; fileRef = FC9CF60A1DED6DFF002FA9EA /* ViewController.swift */; };
		FC9CF60E1DED6DFF002FA9EA /* Main.storyboard in Resources */ = {isa = PBXBuildFile; fileRef = FC9CF60C1DED6DFF002FA9EA /* Main.storyboard */; };
		FC9CF6101DED6DFF002FA9EA /* Assets.xcassets in Resources */ = {isa = PBXBuildFile; fileRef = FC9CF60F1DED6DFF002FA9EA /* Assets.xcassets */; };
		FC9CF6131DED6DFF002FA9EA /* LaunchScreen.storyboard in Resources */ = {isa = PBXBuildFile; fileRef = FC9CF6111DED6DFF002FA9EA /* LaunchScreen.storyboard */; };
		FC9CF61E1DED6DFF002FA9EA /* UIAlertControllerSampleTests.swift in Sources */ = {isa = PBXBuildFile; fileRef = FC9CF61D1DED6DFF002FA9EA /* UIAlertControllerSampleTests.swift */; };
		FC9CF6291DED6DFF002FA9EA /* UIAlertControllerSampleUITests.swift in Sources */ = {isa = PBXBuildFile; fileRef = FC9CF6281DED6DFF002FA9EA /* UIAlertControllerSampleUITests.swift */; };
		FC9CF6371DED6E35002FA9EA /* Util.swift in Sources */ = {isa = PBXBuildFile; fileRef = FC9CF6361DED6E35002FA9EA /* Util.swift */; };
/* End PBXBuildFile section */

/* Begin PBXContainerItemProxy section */
		FC9CF61A1DED6DFF002FA9EA /* PBXContainerItemProxy */ = {
			isa = PBXContainerItemProxy;
			containerPortal = FC9CF5FD1DED6DFF002FA9EA /* Project object */;
			proxyType = 1;
			remoteGlobalIDString = FC9CF6041DED6DFF002FA9EA;
			remoteInfo = UIAlertControllerSample;
		};
		FC9CF6251DED6DFF002FA9EA /* PBXContainerItemProxy */ = {
			isa = PBXContainerItemProxy;
			containerPortal = FC9CF5FD1DED6DFF002FA9EA /* Project object */;
			proxyType = 1;
			remoteGlobalIDString = FC9CF6041DED6DFF002FA9EA;
			remoteInfo = UIAlertControllerSample;
		};
/* End PBXContainerItemProxy section */

/* Begin PBXFileReference section */
		FC9CF6051DED6DFF002FA9EA /* UIAlertControllerSample.app */ = {isa = PBXFileReference; explicitFileType = wrapper.application; includeInIndex = 0; path = UIAlertControllerSample.app; sourceTree = BUILT_PRODUCTS_DIR; };
		FC9CF6081DED6DFF002FA9EA /* AppDelegate.swift */ = {isa = PBXFileReference; lastKnownFileType = sourcecode.swift; path = AppDelegate.swift; sourceTree = "<group>"; };
		FC9CF60A1DED6DFF002FA9EA /* ViewController.swift */ = {isa = PBXFileReference; lastKnownFileType = sourcecode.swift; path = ViewController.swift; sourceTree = "<group>"; };
		FC9CF60D1DED6DFF002FA9EA /* Base */ = {isa = PBXFileReference; lastKnownFileType = file.storyboard; name = Base; path = Base.lproj/Main.storyboard; sourceTree = "<group>"; };
		FC9CF60F1DED6DFF002FA9EA /* Assets.xcassets */ = {isa = PBXFileReference; lastKnownFileType = folder.assetcatalog; path = Assets.xcassets; sourceTree = "<group>"; };
		FC9CF6121DED6DFF002FA9EA /* Base */ = {isa = PBXFileReference; lastKnownFileType = file.storyboard; name = Base; path = Base.lproj/LaunchScreen.storyboard; sourceTree = "<group>"; };
		FC9CF6141DED6DFF002FA9EA /* Info.plist */ = {isa = PBXFileReference; lastKnownFileType = text.plist.xml; path = Info.plist; sourceTree = "<group>"; };
		FC9CF6191DED6DFF002FA9EA /* UIAlertControllerSampleTests.xctest */ = {isa = PBXFileReference; explicitFileType = wrapper.cfbundle; includeInIndex = 0; path = UIAlertControllerSampleTests.xctest; sourceTree = BUILT_PRODUCTS_DIR; };
		FC9CF61D1DED6DFF002FA9EA /* UIAlertControllerSampleTests.swift */ = {isa = PBXFileReference; lastKnownFileType = sourcecode.swift; path = UIAlertControllerSampleTests.swift; sourceTree = "<group>"; };
		FC9CF61F1DED6DFF002FA9EA /* Info.plist */ = {isa = PBXFileReference; lastKnownFileType = text.plist.xml; path = Info.plist; sourceTree = "<group>"; };
		FC9CF6241DED6DFF002FA9EA /* UIAlertControllerSampleUITests.xctest */ = {isa = PBXFileReference; explicitFileType = wrapper.cfbundle; includeInIndex = 0; path = UIAlertControllerSampleUITests.xctest; sourceTree = BUILT_PRODUCTS_DIR; };
		FC9CF6281DED6DFF002FA9EA /* UIAlertControllerSampleUITests.swift */ = {isa = PBXFileReference; lastKnownFileType = sourcecode.swift; path = UIAlertControllerSampleUITests.swift; sourceTree = "<group>"; };
		FC9CF62A1DED6DFF002FA9EA /* Info.plist */ = {isa = PBXFileReference; lastKnownFileType = text.plist.xml; path = Info.plist; sourceTree = "<group>"; };
		FC9CF6361DED6E35002FA9EA /* Util.swift */ = {isa = PBXFileReference; fileEncoding = 4; lastKnownFileType = sourcecode.swift; path = Util.swift; sourceTree = "<group>"; };
/* End PBXFileReference section */

/* Begin PBXFrameworksBuildPhase section */
		FC9CF6021DED6DFF002FA9EA /* Frameworks */ = {
			isa = PBXFrameworksBuildPhase;
			buildActionMask = 2147483647;
			files = (
			);
			runOnlyForDeploymentPostprocessing = 0;
		};
		FC9CF6161DED6DFF002FA9EA /* Frameworks */ = {
			isa = PBXFrameworksBuildPhase;
			buildActionMask = 2147483647;
			files = (
			);
			runOnlyForDeploymentPostprocessing = 0;
		};
		FC9CF6211DED6DFF002FA9EA /* Frameworks */ = {
			isa = PBXFrameworksBuildPhase;
			buildActionMask = 2147483647;
			files = (
			);
			runOnlyForDeploymentPostprocessing = 0;
		};
/* End PBXFrameworksBuildPhase section */

/* Begin PBXGroup section */
		FC9CF5FC1DED6DFF002FA9EA = {
			isa = PBXGroup;
			children = (
				FC9CF6071DED6DFF002FA9EA /* UIAlertControllerSample */,
				FC9CF61C1DED6DFF002FA9EA /* UIAlertControllerSampleTests */,
				FC9CF6271DED6DFF002FA9EA /* UIAlertControllerSampleUITests */,
				FC9CF6061DED6DFF002FA9EA /* Products */,
			);
			sourceTree = "<group>";
		};
		FC9CF6061DED6DFF002FA9EA /* Products */ = {
			isa = PBXGroup;
			children = (
				FC9CF6051DED6DFF002FA9EA /* UIAlertControllerSample.app */,
				FC9CF6191DED6DFF002FA9EA /* UIAlertControllerSampleTests.xctest */,
				FC9CF6241DED6DFF002FA9EA /* UIAlertControllerSampleUITests.xctest */,
			);
			name = Products;
			sourceTree = "<group>";
		};
		FC9CF6071DED6DFF002FA9EA /* UIAlertControllerSample */ = {
			isa = PBXGroup;
			children = (
				FC9CF6081DED6DFF002FA9EA /* AppDelegate.swift */,
				FC9CF60A1DED6DFF002FA9EA /* ViewController.swift */,
				FC9CF60C1DED6DFF002FA9EA /* Main.storyboard */,
				FC9CF60F1DED6DFF002FA9EA /* Assets.xcassets */,
				FC9CF6111DED6DFF002FA9EA /* LaunchScreen.storyboard */,
				FC9CF6141DED6DFF002FA9EA /* Info.plist */,
				FC9CF6361DED6E35002FA9EA /* Util.swift */,
			);
			path = UIAlertControllerSample;
			sourceTree = "<group>";
		};
		FC9CF61C1DED6DFF002FA9EA /* UIAlertControllerSampleTests */ = {
			isa = PBXGroup;
			children = (
				FC9CF61D1DED6DFF002FA9EA /* UIAlertControllerSampleTests.swift */,
				FC9CF61F1DED6DFF002FA9EA /* Info.plist */,
			);
			path = UIAlertControllerSampleTests;
			sourceTree = "<group>";
		};
		FC9CF6271DED6DFF002FA9EA /* UIAlertControllerSampleUITests */ = {
			isa = PBXGroup;
			children = (
				FC9CF6281DED6DFF002FA9EA /* UIAlertControllerSampleUITests.swift */,
				FC9CF62A1DED6DFF002FA9EA /* Info.plist */,
			);
			path = UIAlertControllerSampleUITests;
			sourceTree = "<group>";
		};
/* End PBXGroup section */

/* Begin PBXNativeTarget section */
		FC9CF6041DED6DFF002FA9EA /* UIAlertControllerSample */ = {
			isa = PBXNativeTarget;
			buildConfigurationList = FC9CF62D1DED6DFF002FA9EA /* Build configuration list for PBXNativeTarget "UIAlertControllerSample" */;
			buildPhases = (
				FC9CF6011DED6DFF002FA9EA /* Sources */,
				FC9CF6021DED6DFF002FA9EA /* Frameworks */,
				FC9CF6031DED6DFF002FA9EA /* Resources */,
			);
			buildRules = (
			);
			dependencies = (
			);
			name = UIAlertControllerSample;
			productName = UIAlertControllerSample;
			productReference = FC9CF6051DED6DFF002FA9EA /* UIAlertControllerSample.app */;
			productType = "com.apple.product-type.application";
		};
		FC9CF6181DED6DFF002FA9EA /* UIAlertControllerSampleTests */ = {
			isa = PBXNativeTarget;
			buildConfigurationList = FC9CF6301DED6DFF002FA9EA /* Build configuration list for PBXNativeTarget "UIAlertControllerSampleTests" */;
			buildPhases = (
				FC9CF6151DED6DFF002FA9EA /* Sources */,
				FC9CF6161DED6DFF002FA9EA /* Frameworks */,
				FC9CF6171DED6DFF002FA9EA /* Resources */,
			);
			buildRules = (
			);
			dependencies = (
				FC9CF61B1DED6DFF002FA9EA /* PBXTargetDependency */,
			);
			name = UIAlertControllerSampleTests;
			productName = UIAlertControllerSampleTests;
			productReference = FC9CF6191DED6DFF002FA9EA /* UIAlertControllerSampleTests.xctest */;
			productType = "com.apple.product-type.bundle.unit-test";
		};
		FC9CF6231DED6DFF002FA9EA /* UIAlertControllerSampleUITests */ = {
			isa = PBXNativeTarget;
			buildConfigurationList = FC9CF6331DED6DFF002FA9EA /* Build configuration list for PBXNativeTarget "UIAlertControllerSampleUITests" */;
			buildPhases = (
				FC9CF6201DED6DFF002FA9EA /* Sources */,
				FC9CF6211DED6DFF002FA9EA /* Frameworks */,
				FC9CF6221DED6DFF002FA9EA /* Resources */,
			);
			buildRules = (
			);
			dependencies = (
				FC9CF6261DED6DFF002FA9EA /* PBXTargetDependency */,
			);
			name = UIAlertControllerSampleUITests;
			productName = UIAlertControllerSampleUITests;
			productReference = FC9CF6241DED6DFF002FA9EA /* UIAlertControllerSampleUITests.xctest */;
			productType = "com.apple.product-type.bundle.ui-testing";
		};
/* End PBXNativeTarget section */

/* Begin PBXProject section */
		FC9CF5FD1DED6DFF002FA9EA /* Project object */ = {
			isa = PBXProject;
			attributes = {
				LastSwiftUpdateCheck = 0810;
				LastUpgradeCheck = 0810;
				ORGANIZATIONNAME = daihase;
				TargetAttributes = {
					FC9CF6041DED6DFF002FA9EA = {
						CreatedOnToolsVersion = 8.1;
						DevelopmentTeam = QSJ4FM97GU;
						ProvisioningStyle = Automatic;
					};
					FC9CF6181DED6DFF002FA9EA = {
						CreatedOnToolsVersion = 8.1;
						DevelopmentTeam = QSJ4FM97GU;
						ProvisioningStyle = Automatic;
						TestTargetID = FC9CF6041DED6DFF002FA9EA;
					};
					FC9CF6231DED6DFF002FA9EA = {
						CreatedOnToolsVersion = 8.1;
						DevelopmentTeam = QSJ4FM97GU;
						ProvisioningStyle = Automatic;
						TestTargetID = FC9CF6041DED6DFF002FA9EA;
					};
				};
			};
			buildConfigurationList = FC9CF6001DED6DFF002FA9EA /* Build configuration list for PBXProject "UIAlertControllerSample" */;
			compatibilityVersion = "Xcode 3.2";
			developmentRegion = English;
			hasScannedForEncodings = 0;
			knownRegions = (
				en,
				Base,
			);
			mainGroup = FC9CF5FC1DED6DFF002FA9EA;
			productRefGroup = FC9CF6061DED6DFF002FA9EA /* Products */;
			projectDirPath = "";
			projectRoot = "";
			targets = (
				FC9CF6041DED6DFF002FA9EA /* UIAlertControllerSample */,
				FC9CF6181DED6DFF002FA9EA /* UIAlertControllerSampleTests */,
				FC9CF6231DED6DFF002FA9EA /* UIAlertControllerSampleUITests */,
			);
		};
/* End PBXProject section */

/* Begin PBXResourcesBuildPhase section */
		FC9CF6031DED6DFF002FA9EA /* Resources */ = {
			isa = PBXResourcesBuildPhase;
			buildActionMask = 2147483647;
			files = (
				FC9CF6131DED6DFF002FA9EA /* LaunchScreen.storyboard in Resources */,
				FC9CF6101DED6DFF002FA9EA /* Assets.xcassets in Resources */,
				FC9CF60E1DED6DFF002FA9EA /* Main.storyboard in Resources */,
			);
			runOnlyForDeploymentPostprocessing = 0;
		};
		FC9CF6171DED6DFF002FA9EA /* Resources */ = {
			isa = PBXResourcesBuildPhase;
			buildActionMask = 2147483647;
			files = (
			);
			runOnlyForDeploymentPostprocessing = 0;
		};
		FC9CF6221DED6DFF002FA9EA /* Resources */ = {
			isa = PBXResourcesBuildPhase;
			buildActionMask = 2147483647;
			files = (
			);
			runOnlyForDeploymentPostprocessing = 0;
		};
/* End PBXResourcesBuildPhase section */

/* Begin PBXSourcesBuildPhase section */
		FC9CF6011DED6DFF002FA9EA /* Sources */ = {
			isa = PBXSourcesBuildPhase;
			buildActionMask = 2147483647;
			files = (
				FC9CF60B1DED6DFF002FA9EA /* ViewController.swift in Sources */,
				FC9CF6371DED6E35002FA9EA /* Util.swift in Sources */,
				FC9CF6091DED6DFF002FA9EA /* AppDelegate.swift in Sources */,
			);
			runOnlyForDeploymentPostprocessing = 0;
		};
		FC9CF6151DED6DFF002FA9EA /* Sources */ = {
			isa = PBXSourcesBuildPhase;
			buildActionMask = 2147483647;
			files = (
				FC9CF61E1DED6DFF002FA9EA /* UIAlertControllerSampleTests.swift in Sources */,
			);
			runOnlyForDeploymentPostprocessing = 0;
		};
		FC9CF6201DED6DFF002FA9EA /* Sources */ = {
			isa = PBXSourcesBuildPhase;
			buildActionMask = 2147483647;
			files = (
				FC9CF6291DED6DFF002FA9EA /* UIAlertControllerSampleUITests.swift in Sources */,
			);
			runOnlyForDeploymentPostprocessing = 0;
		};
/* End PBXSourcesBuildPhase section */

/* Begin PBXTargetDependency section */
		FC9CF61B1DED6DFF002FA9EA /* PBXTargetDependency */ = {
			isa = PBXTargetDependency;
			target = FC9CF6041DED6DFF002FA9EA /* UIAlertControllerSample */;
			targetProxy = FC9CF61A1DED6DFF002FA9EA /* PBXContainerItemProxy */;
		};
		FC9CF6261DED6DFF002FA9EA /* PBXTargetDependency */ = {
			isa = PBXTargetDependency;
			target = FC9CF6041DED6DFF002FA9EA /* UIAlertControllerSample */;
			targetProxy = FC9CF6251DED6DFF002FA9EA /* PBXContainerItemProxy */;
		};
/* End PBXTargetDependency section */

/* Begin PBXVariantGroup section */
		FC9CF60C1DED6DFF002FA9EA /* Main.storyboard */ = {
			isa = PBXVariantGroup;
			children = (
				FC9CF60D1DED6DFF002FA9EA /* Base */,
			);
			name = Main.storyboard;
			sourceTree = "<group>";
		};
		FC9CF6111DED6DFF002FA9EA /* LaunchScreen.storyboard */ = {
			isa = PBXVariantGroup;
			children = (
				FC9CF6121DED6DFF002FA9EA /* Base */,
			);
			name = LaunchScreen.storyboard;
			sourceTree = "<group>";
		};
/* End PBXVariantGroup section */

/* Begin XCBuildConfiguration section */
		FC9CF62B1DED6DFF002FA9EA /* Debug */ = {
			isa = XCBuildConfiguration;
			buildSettings = {
				ALWAYS_SEARCH_USER_PATHS = NO;
				CLANG_ANALYZER_NONNULL = YES;
				CLANG_CXX_LANGUAGE_STANDARD = "gnu++0x";
				CLANG_CXX_LIBRARY = "libc++";
				CLANG_ENABLE_MODULES = YES;
				CLANG_ENABLE_OBJC_ARC = YES;
				CLANG_WARN_BOOL_CONVERSION = YES;
				CLANG_WARN_CONSTANT_CONVERSION = YES;
				CLANG_WARN_DIRECT_OBJC_ISA_USAGE = YES_ERROR;
				CLANG_WARN_DOCUMENTATION_COMMENTS = YES;
				CLANG_WARN_EMPTY_BODY = YES;
				CLANG_WARN_ENUM_CONVERSION = YES;
				CLANG_WARN_INFINITE_RECURSION = YES;
				CLANG_WARN_INT_CONVERSION = YES;
				CLANG_WARN_OBJC_ROOT_CLASS = YES_ERROR;
				CLANG_WARN_SUSPICIOUS_MOVES = YES;
				CLANG_WARN_UNREACHABLE_CODE = YES;
				CLANG_WARN__DUPLICATE_METHOD_MATCH = YES;
				"CODE_SIGN_IDENTITY[sdk=iphoneos*]" = "iPhone Developer";
				COPY_PHASE_STRIP = NO;
				DEBUG_INFORMATION_FORMAT = dwarf;
				ENABLE_STRICT_OBJC_MSGSEND = YES;
				ENABLE_TESTABILITY = YES;
				GCC_C_LANGUAGE_STANDARD = gnu99;
				GCC_DYNAMIC_NO_PIC = NO;
				GCC_NO_COMMON_BLOCKS = YES;
				GCC_OPTIMIZATION_LEVEL = 0;
				GCC_PREPROCESSOR_DEFINITIONS = (
					"DEBUG=1",
					"$(inherited)",
				);
				GCC_WARN_64_TO_32_BIT_CONVERSION = YES;
				GCC_WARN_ABOUT_RETURN_TYPE = YES_ERROR;
				GCC_WARN_UNDECLARED_SELECTOR = YES;
				GCC_WARN_UNINITIALIZED_AUTOS = YES_AGGRESSIVE;
				GCC_WARN_UNUSED_FUNCTION = YES;
				GCC_WARN_UNUSED_VARIABLE = YES;
				IPHONEOS_DEPLOYMENT_TARGET = 10.1;
				MTL_ENABLE_DEBUG_INFO = YES;
				ONLY_ACTIVE_ARCH = YES;
				SDKROOT = iphoneos;
				SWIFT_ACTIVE_COMPILATION_CONDITIONS = DEBUG;
				SWIFT_OPTIMIZATION_LEVEL = "-Onone";
				TARGETED_DEVICE_FAMILY = "1,2";
			};
			name = Debug;
		};
		FC9CF62C1DED6DFF002FA9EA /* Release */ = {
			isa = XCBuildConfiguration;
			buildSettings = {
				ALWAYS_SEARCH_USER_PATHS = NO;
				CLANG_ANALYZER_NONNULL = YES;
				CLANG_CXX_LANGUAGE_STANDARD = "gnu++0x";
				CLANG_CXX_LIBRARY = "libc++";
				CLANG_ENABLE_MODULES = YES;
				CLANG_ENABLE_OBJC_ARC = YES;
				CLANG_WARN_BOOL_CONVERSION = YES;
				CLANG_WARN_CONSTANT_CONVERSION = YES;
				CLANG_WARN_DIRECT_OBJC_ISA_USAGE = YES_ERROR;
				CLANG_WARN_DOCUMENTATION_COMMENTS = YES;
				CLANG_WARN_EMPTY_BODY = YES;
				CLANG_WARN_ENUM_CONVERSION = YES;
				CLANG_WARN_INFINITE_RECURSION = YES;
				CLANG_WARN_INT_CONVERSION = YES;
				CLANG_WARN_OBJC_ROOT_CLASS = YES_ERROR;
				CLANG_WARN_SUSPICIOUS_MOVES = YES;
				CLANG_WARN_UNREACHABLE_CODE = YES;
				CLANG_WARN__DUPLICATE_METHOD_MATCH = YES;
				"CODE_SIGN_IDENTITY[sdk=iphoneos*]" = "iPhone Developer";
				COPY_PHASE_STRIP = NO;
				DEBUG_INFORMATION_FORMAT = "dwarf-with-dsym";
				ENABLE_NS_ASSERTIONS = NO;
				ENABLE_STRICT_OBJC_MSGSEND = YES;
				GCC_C_LANGUAGE_STANDARD = gnu99;
				GCC_NO_COMMON_BLOCKS = YES;
				GCC_WARN_64_TO_32_BIT_CONVERSION = YES;
				GCC_WARN_ABOUT_RETURN_TYPE = YES_ERROR;
				GCC_WARN_UNDECLARED_SELECTOR = YES;
				GCC_WARN_UNINITIALIZED_AUTOS = YES_AGGRESSIVE;
				GCC_WARN_UNUSED_FUNCTION = YES;
				GCC_WARN_UNUSED_VARIABLE = YES;
				IPHONEOS_DEPLOYMENT_TARGET = 10.1;
				MTL_ENABLE_DEBUG_INFO = NO;
				SDKROOT = iphoneos;
				SWIFT_OPTIMIZATION_LEVEL = "-Owholemodule";
				TARGETED_DEVICE_FAMILY = "1,2";
				VALIDATE_PRODUCT = YES;
			};
			name = Release;
		};
		FC9CF62E1DED6DFF002FA9EA /* Debug */ = {
			isa = XCBuildConfiguration;
			buildSettings = {
				ASSETCATALOG_COMPILER_APPICON_NAME = AppIcon;
				DEVELOPMENT_TEAM = QSJ4FM97GU;
				INFOPLIST_FILE = UIAlertControllerSample/Info.plist;
				LD_RUNPATH_SEARCH_PATHS = "$(inherited) @executable_path/Frameworks";
				PRODUCT_BUNDLE_IDENTIFIER = jp.co.librastudio.UIAlertControllerSample;
				PRODUCT_NAME = "$(TARGET_NAME)";
				SWIFT_VERSION = 3.0;
			};
			name = Debug;
		};
		FC9CF62F1DED6DFF002FA9EA /* Release */ = {
			isa = XCBuildConfiguration;
			buildSettings = {
				ASSETCATALOG_COMPILER_APPICON_NAME = AppIcon;
				DEVELOPMENT_TEAM = QSJ4FM97GU;
				INFOPLIST_FILE = UIAlertControllerSample/Info.plist;
				LD_RUNPATH_SEARCH_PATHS = "$(inherited) @executable_path/Frameworks";
				PRODUCT_BUNDLE_IDENTIFIER = jp.co.librastudio.UIAlertControllerSample;
				PRODUCT_NAME = "$(TARGET_NAME)";
				SWIFT_VERSION = 3.0;
			};
			name = Release;
		};
		FC9CF6311DED6DFF002FA9EA /* Debug */ = {
			isa = XCBuildConfiguration;
			buildSettings = {
				ALWAYS_EMBED_SWIFT_STANDARD_LIBRARIES = YES;
				BUNDLE_LOADER = "$(TEST_HOST)";
				DEVELOPMENT_TEAM = QSJ4FM97GU;
				INFOPLIST_FILE = UIAlertControllerSampleTests/Info.plist;
				LD_RUNPATH_SEARCH_PATHS = "$(inherited) @executable_path/Frameworks @loader_path/Frameworks";
				PRODUCT_BUNDLE_IDENTIFIER = jp.co.librastudio.UIAlertControllerSampleTests;
				PRODUCT_NAME = "$(TARGET_NAME)";
				SWIFT_VERSION = 3.0;
				TEST_HOST = "$(BUILT_PRODUCTS_DIR)/UIAlertControllerSample.app/UIAlertControllerSample";
			};
			name = Debug;
		};
		FC9CF6321DED6DFF002FA9EA /* Release */ = {
			isa = XCBuildConfiguration;
			buildSettings = {
				ALWAYS_EMBED_SWIFT_STANDARD_LIBRARIES = YES;
				BUNDLE_LOADER = "$(TEST_HOST)";
				DEVELOPMENT_TEAM = QSJ4FM97GU;
				INFOPLIST_FILE = UIAlertControllerSampleTests/Info.plist;
				LD_RUNPATH_SEARCH_PATHS = "$(inherited) @executable_path/Frameworks @loader_path/Frameworks";
				PRODUCT_BUNDLE_IDENTIFIER = jp.co.librastudio.UIAlertControllerSampleTests;
				PRODUCT_NAME = "$(TARGET_NAME)";
				SWIFT_VERSION = 3.0;
				TEST_HOST = "$(BUILT_PRODUCTS_DIR)/UIAlertControllerSample.app/UIAlertControllerSample";
			};
			name = Release;
		};
		FC9CF6341DED6DFF002FA9EA /* Debug */ = {
			isa = XCBuildConfiguration;
			buildSettings = {
				ALWAYS_EMBED_SWIFT_STANDARD_LIBRARIES = YES;
				DEVELOPMENT_TEAM = QSJ4FM97GU;
				INFOPLIST_FILE = UIAlertControllerSampleUITests/Info.plist;
				LD_RUNPATH_SEARCH_PATHS = "$(inherited) @executable_path/Frameworks @loader_path/Frameworks";
				PRODUCT_BUNDLE_IDENTIFIER = jp.co.librastudio.UIAlertControllerSampleUITests;
				PRODUCT_NAME = "$(TARGET_NAME)";
				SWIFT_VERSION = 3.0;
				TEST_TARGET_NAME = UIAlertControllerSample;
			};
			name = Debug;
		};
		FC9CF6351DED6DFF002FA9EA /* Release */ = {
			isa = XCBuildConfiguration;
			buildSettings = {
				ALWAYS_EMBED_SWIFT_STANDARD_LIBRARIES = YES;
				DEVELOPMENT_TEAM = QSJ4FM97GU;
				INFOPLIST_FILE = UIAlertControllerSampleUITests/Info.plist;
				LD_RUNPATH_SEARCH_PATHS = "$(inherited) @executable_path/Frameworks @loader_path/Frameworks";
				PRODUCT_BUNDLE_IDENTIFIER = jp.co.librastudio.UIAlertControllerSampleUITests;
				PRODUCT_NAME = "$(TARGET_NAME)";
				SWIFT_VERSION = 3.0;
				TEST_TARGET_NAME = UIAlertControllerSample;
			};
			name = Release;
		};
/* End XCBuildConfiguration section */

/* Begin XCConfigurationList section */
		FC9CF6001DED6DFF002FA9EA /* Build configuration list for PBXProject "UIAlertControllerSample" */ = {
			isa = XCConfigurationList;
			buildConfigurations = (
				FC9CF62B1DED6DFF002FA9EA /* Debug */,
				FC9CF62C1DED6DFF002FA9EA /* Release */,
			);
			defaultConfigurationIsVisible = 0;
			defaultConfigurationName = Release;
		};
		FC9CF62D1DED6DFF002FA9EA /* Build configuration list for PBXNativeTarget "UIAlertControllerSample" */ = {
			isa = XCConfigurationList;
			buildConfigurations = (
				FC9CF62E1DED6DFF002FA9EA /* Debug */,
				FC9CF62F1DED6DFF002FA9EA /* Release */,
			);
			defaultConfigurationIsVisible = 0;
		};
		FC9CF6301DED6DFF002FA9EA /* Build configuration list for PBXNativeTarget "UIAlertControllerSampleTests" */ = {
			isa = XCConfigurationList;
			buildConfigurations = (
				FC9CF6311DED6DFF002FA9EA /* Debug */,
				FC9CF6321DED6DFF002FA9EA /* Release */,
			);
			defaultConfigurationIsVisible = 0;
		};
		FC9CF6331DED6DFF002FA9EA /* Build configuration list for PBXNativeTarget "UIAlertControllerSampleUITests" */ = {
			isa = XCConfigurationList;
			buildConfigurations = (
				FC9CF6341DED6DFF002FA9EA /* Debug */,
				FC9CF6351DED6DFF002FA9EA /* Release */,
			);
			defaultConfigurationIsVisible = 0;
		};
/* End XCConfigurationList section */
	};
	rootObject = FC9CF5FD1DED6DFF002FA9EA /* Project object */;
}
