// !$*UTF8*$!
{
	archiveVersion = 1;
	classes = {
	};
	objectVersion = 50;
	objects = {

/* Begin PBXBuildFile section */
		4C4B5FF0FB0965358085490D /* Pods_Sketch_saveAlbum.framework in Frameworks */ = {isa = PBXBuildFile; fileRef = 3976B058E1DF3FC89D97F8D8 /* Pods_Sketch_saveAlbum.framework */; };
		B5DED9E12DCFECDAF185EBB2 /* Pods_Sketch_saveAlbumUITests.framework in Frameworks */ = {isa = PBXBuildFile; fileRef = 7F35E85C418A6D7957A04BF7 /* Pods_Sketch_saveAlbumUITests.framework */; };
		F62FBE6444A4583B6A2A8499 /* Pods_Sketch_saveAlbumTests.framework in Frameworks */ = {isa = PBXBuildFile; fileRef = 48C511DD663AC44B946BC09F /* Pods_Sketch_saveAlbumTests.framework */; };
		FC847B1B21BBB07400FCFB1F /* AppDelegate.swift in Sources */ = {isa = PBXBuildFile; fileRef = FC847B1A21BBB07400FCFB1F /* AppDelegate.swift */; };
		FC847B1D21BBB07400FCFB1F /* ViewController.swift in Sources */ = {isa = PBXBuildFile; fileRef = FC847B1C21BBB07400FCFB1F /* ViewController.swift */; };
		FC847B2021BBB07400FCFB1F /* Main.storyboard in Resources */ = {isa = PBXBuildFile; fileRef = FC847B1E21BBB07400FCFB1F /* Main.storyboard */; };
		FC847B2221BBB07600FCFB1F /* Assets.xcassets in Resources */ = {isa = PBXBuildFile; fileRef = FC847B2121BBB07600FCFB1F /* Assets.xcassets */; };
		FC847B2521BBB07600FCFB1F /* LaunchScreen.storyboard in Resources */ = {isa = PBXBuildFile; fileRef = FC847B2321BBB07600FCFB1F /* LaunchScreen.storyboard */; };
		FC847B3021BBB07600FCFB1F /* Sketch_saveAlbumTests.swift in Sources */ = {isa = PBXBuildFile; fileRef = FC847B2F21BBB07600FCFB1F /* Sketch_saveAlbumTests.swift */; };
		FC847B3B21BBB07600FCFB1F /* Sketch_saveAlbumUITests.swift in Sources */ = {isa = PBXBuildFile; fileRef = FC847B3A21BBB07600FCFB1F /* Sketch_saveAlbumUITests.swift */; };
		FC847B4921BBB36000FCFB1F /* PSPhotoManager.swift in Sources */ = {isa = PBXBuildFile; fileRef = FC847B4821BBB36000FCFB1F /* PSPhotoManager.swift */; };
		FC847B4B21BBB51000FCFB1F /* Utilities.swift in Sources */ = {isa = PBXBuildFile; fileRef = FC847B4A21BBB51000FCFB1F /* Utilities.swift */; };
/* End PBXBuildFile section */

/* Begin PBXContainerItemProxy section */
		FC847B2C21BBB07600FCFB1F /* PBXContainerItemProxy */ = {
			isa = PBXContainerItemProxy;
			containerPortal = FC847B0F21BBB07400FCFB1F /* Project object */;
			proxyType = 1;
			remoteGlobalIDString = FC847B1621BBB07400FCFB1F;
			remoteInfo = Sketch_saveAlbum;
		};
		FC847B3721BBB07600FCFB1F /* PBXContainerItemProxy */ = {
			isa = PBXContainerItemProxy;
			containerPortal = FC847B0F21BBB07400FCFB1F /* Project object */;
			proxyType = 1;
			remoteGlobalIDString = FC847B1621BBB07400FCFB1F;
			remoteInfo = Sketch_saveAlbum;
		};
/* End PBXContainerItemProxy section */

/* Begin PBXFileReference section */
		16F18C10230A9E1AB2092C74 /* Pods-Sketch_saveAlbumUITests.release.xcconfig */ = {isa = PBXFileReference; includeInIndex = 1; lastKnownFileType = text.xcconfig; name = "Pods-Sketch_saveAlbumUITests.release.xcconfig"; path = "Pods/Target Support Files/Pods-Sketch_saveAlbumUITests/Pods-Sketch_saveAlbumUITests.release.xcconfig"; sourceTree = "<group>"; };
		3976B058E1DF3FC89D97F8D8 /* Pods_Sketch_saveAlbum.framework */ = {isa = PBXFileReference; explicitFileType = wrapper.framework; includeInIndex = 0; path = Pods_Sketch_saveAlbum.framework; sourceTree = BUILT_PRODUCTS_DIR; };
		48C511DD663AC44B946BC09F /* Pods_Sketch_saveAlbumTests.framework */ = {isa = PBXFileReference; explicitFileType = wrapper.framework; includeInIndex = 0; path = Pods_Sketch_saveAlbumTests.framework; sourceTree = BUILT_PRODUCTS_DIR; };
		7F35E85C418A6D7957A04BF7 /* Pods_Sketch_saveAlbumUITests.framework */ = {isa = PBXFileReference; explicitFileType = wrapper.framework; includeInIndex = 0; path = Pods_Sketch_saveAlbumUITests.framework; sourceTree = BUILT_PRODUCTS_DIR; };
		9BA00A3D8E17D92C35B5BBF7 /* Pods-Sketch_saveAlbum.debug.xcconfig */ = {isa = PBXFileReference; includeInIndex = 1; lastKnownFileType = text.xcconfig; name = "Pods-Sketch_saveAlbum.debug.xcconfig"; path = "Pods/Target Support Files/Pods-Sketch_saveAlbum/Pods-Sketch_saveAlbum.debug.xcconfig"; sourceTree = "<group>"; };
		B02EEE5AA0FEF702CF1FCD20 /* Pods-Sketch_saveAlbumUITests.debug.xcconfig */ = {isa = PBXFileReference; includeInIndex = 1; lastKnownFileType = text.xcconfig; name = "Pods-Sketch_saveAlbumUITests.debug.xcconfig"; path = "Pods/Target Support Files/Pods-Sketch_saveAlbumUITests/Pods-Sketch_saveAlbumUITests.debug.xcconfig"; sourceTree = "<group>"; };
		C4DE5F97F051CC39A3EE9B1E /* Pods-Sketch_saveAlbumTests.debug.xcconfig */ = {isa = PBXFileReference; includeInIndex = 1; lastKnownFileType = text.xcconfig; name = "Pods-Sketch_saveAlbumTests.debug.xcconfig"; path = "Pods/Target Support Files/Pods-Sketch_saveAlbumTests/Pods-Sketch_saveAlbumTests.debug.xcconfig"; sourceTree = "<group>"; };
		DC0B70ADFB1FEBE209C48F36 /* Pods-Sketch_saveAlbum.release.xcconfig */ = {isa = PBXFileReference; includeInIndex = 1; lastKnownFileType = text.xcconfig; name = "Pods-Sketch_saveAlbum.release.xcconfig"; path = "Pods/Target Support Files/Pods-Sketch_saveAlbum/Pods-Sketch_saveAlbum.release.xcconfig"; sourceTree = "<group>"; };
		FA0D33CD95594989A262D879 /* Pods-Sketch_saveAlbumTests.release.xcconfig */ = {isa = PBXFileReference; includeInIndex = 1; lastKnownFileType = text.xcconfig; name = "Pods-Sketch_saveAlbumTests.release.xcconfig"; path = "Pods/Target Support Files/Pods-Sketch_saveAlbumTests/Pods-Sketch_saveAlbumTests.release.xcconfig"; sourceTree = "<group>"; };
		FC847B1721BBB07400FCFB1F /* Sketch_saveAlbum.app */ = {isa = PBXFileReference; explicitFileType = wrapper.application; includeInIndex = 0; path = Sketch_saveAlbum.app; sourceTree = BUILT_PRODUCTS_DIR; };
		FC847B1A21BBB07400FCFB1F /* AppDelegate.swift */ = {isa = PBXFileReference; lastKnownFileType = sourcecode.swift; path = AppDelegate.swift; sourceTree = "<group>"; };
		FC847B1C21BBB07400FCFB1F /* ViewController.swift */ = {isa = PBXFileReference; lastKnownFileType = sourcecode.swift; path = ViewController.swift; sourceTree = "<group>"; };
		FC847B1F21BBB07400FCFB1F /* Base */ = {isa = PBXFileReference; lastKnownFileType = file.storyboard; name = Base; path = Base.lproj/Main.storyboard; sourceTree = "<group>"; };
		FC847B2121BBB07600FCFB1F /* Assets.xcassets */ = {isa = PBXFileReference; lastKnownFileType = folder.assetcatalog; path = Assets.xcassets; sourceTree = "<group>"; };
		FC847B2421BBB07600FCFB1F /* Base */ = {isa = PBXFileReference; lastKnownFileType = file.storyboard; name = Base; path = Base.lproj/LaunchScreen.storyboard; sourceTree = "<group>"; };
		FC847B2621BBB07600FCFB1F /* Info.plist */ = {isa = PBXFileReference; lastKnownFileType = text.plist.xml; path = Info.plist; sourceTree = "<group>"; };
		FC847B2B21BBB07600FCFB1F /* Sketch_saveAlbumTests.xctest */ = {isa = PBXFileReference; explicitFileType = wrapper.cfbundle; includeInIndex = 0; path = Sketch_saveAlbumTests.xctest; sourceTree = BUILT_PRODUCTS_DIR; };
		FC847B2F21BBB07600FCFB1F /* Sketch_saveAlbumTests.swift */ = {isa = PBXFileReference; lastKnownFileType = sourcecode.swift; path = Sketch_saveAlbumTests.swift; sourceTree = "<group>"; };
		FC847B3121BBB07600FCFB1F /* Info.plist */ = {isa = PBXFileReference; lastKnownFileType = text.plist.xml; path = Info.plist; sourceTree = "<group>"; };
		FC847B3621BBB07600FCFB1F /* Sketch_saveAlbumUITests.xctest */ = {isa = PBXFileReference; explicitFileType = wrapper.cfbundle; includeInIndex = 0; path = Sketch_saveAlbumUITests.xctest; sourceTree = BUILT_PRODUCTS_DIR; };
		FC847B3A21BBB07600FCFB1F /* Sketch_saveAlbumUITests.swift */ = {isa = PBXFileReference; lastKnownFileType = sourcecode.swift; path = Sketch_saveAlbumUITests.swift; sourceTree = "<group>"; };
		FC847B3C21BBB07600FCFB1F /* Info.plist */ = {isa = PBXFileReference; lastKnownFileType = text.plist.xml; path = Info.plist; sourceTree = "<group>"; };
		FC847B4821BBB36000FCFB1F /* PSPhotoManager.swift */ = {isa = PBXFileReference; lastKnownFileType = sourcecode.swift; path = PSPhotoManager.swift; sourceTree = "<group>"; };
		FC847B4A21BBB51000FCFB1F /* Utilities.swift */ = {isa = PBXFileReference; lastKnownFileType = sourcecode.swift; path = Utilities.swift; sourceTree = "<group>"; };
/* End PBXFileReference section */

/* Begin PBXFrameworksBuildPhase section */
		FC847B1421BBB07400FCFB1F /* Frameworks */ = {
			isa = PBXFrameworksBuildPhase;
			buildActionMask = 2147483647;
			files = (
				4C4B5FF0FB0965358085490D /* Pods_Sketch_saveAlbum.framework in Frameworks */,
			);
			runOnlyForDeploymentPostprocessing = 0;
		};
		FC847B2821BBB07600FCFB1F /* Frameworks */ = {
			isa = PBXFrameworksBuildPhase;
			buildActionMask = 2147483647;
			files = (
				F62FBE6444A4583B6A2A8499 /* Pods_Sketch_saveAlbumTests.framework in Frameworks */,
			);
			runOnlyForDeploymentPostprocessing = 0;
		};
		FC847B3321BBB07600FCFB1F /* Frameworks */ = {
			isa = PBXFrameworksBuildPhase;
			buildActionMask = 2147483647;
			files = (
				B5DED9E12DCFECDAF185EBB2 /* Pods_Sketch_saveAlbumUITests.framework in Frameworks */,
			);
			runOnlyForDeploymentPostprocessing = 0;
		};
/* End PBXFrameworksBuildPhase section */

/* Begin PBXGroup section */
		8F82F22FD3D8181EB9E5508E /* Pods */ = {
			isa = PBXGroup;
			children = (
				9BA00A3D8E17D92C35B5BBF7 /* Pods-Sketch_saveAlbum.debug.xcconfig */,
				DC0B70ADFB1FEBE209C48F36 /* Pods-Sketch_saveAlbum.release.xcconfig */,
				C4DE5F97F051CC39A3EE9B1E /* Pods-Sketch_saveAlbumTests.debug.xcconfig */,
				FA0D33CD95594989A262D879 /* Pods-Sketch_saveAlbumTests.release.xcconfig */,
				B02EEE5AA0FEF702CF1FCD20 /* Pods-Sketch_saveAlbumUITests.debug.xcconfig */,
				16F18C10230A9E1AB2092C74 /* Pods-Sketch_saveAlbumUITests.release.xcconfig */,
			);
			name = Pods;
			sourceTree = "<group>";
		};
		EC04927D5EF78402CB722280 /* Frameworks */ = {
			isa = PBXGroup;
			children = (
				3976B058E1DF3FC89D97F8D8 /* Pods_Sketch_saveAlbum.framework */,
				48C511DD663AC44B946BC09F /* Pods_Sketch_saveAlbumTests.framework */,
				7F35E85C418A6D7957A04BF7 /* Pods_Sketch_saveAlbumUITests.framework */,
			);
			name = Frameworks;
			sourceTree = "<group>";
		};
		FC847B0E21BBB07400FCFB1F = {
			isa = PBXGroup;
			children = (
				FC847B1921BBB07400FCFB1F /* Sketch_saveAlbum */,
				FC847B2E21BBB07600FCFB1F /* Sketch_saveAlbumTests */,
				FC847B3921BBB07600FCFB1F /* Sketch_saveAlbumUITests */,
				FC847B1821BBB07400FCFB1F /* Products */,
				8F82F22FD3D8181EB9E5508E /* Pods */,
				EC04927D5EF78402CB722280 /* Frameworks */,
			);
			sourceTree = "<group>";
		};
		FC847B1821BBB07400FCFB1F /* Products */ = {
			isa = PBXGroup;
			children = (
				FC847B1721BBB07400FCFB1F /* Sketch_saveAlbum.app */,
				FC847B2B21BBB07600FCFB1F /* Sketch_saveAlbumTests.xctest */,
				FC847B3621BBB07600FCFB1F /* Sketch_saveAlbumUITests.xctest */,
			);
			name = Products;
			sourceTree = "<group>";
		};
		FC847B1921BBB07400FCFB1F /* Sketch_saveAlbum */ = {
			isa = PBXGroup;
			children = (
				FC847B1A21BBB07400FCFB1F /* AppDelegate.swift */,
				FC847B1C21BBB07400FCFB1F /* ViewController.swift */,
				FC847B4821BBB36000FCFB1F /* PSPhotoManager.swift */,
				FC847B4A21BBB51000FCFB1F /* Utilities.swift */,
				FC847B1E21BBB07400FCFB1F /* Main.storyboard */,
				FC847B2121BBB07600FCFB1F /* Assets.xcassets */,
				FC847B2321BBB07600FCFB1F /* LaunchScreen.storyboard */,
				FC847B2621BBB07600FCFB1F /* Info.plist */,
			);
			path = Sketch_saveAlbum;
			sourceTree = "<group>";
		};
		FC847B2E21BBB07600FCFB1F /* Sketch_saveAlbumTests */ = {
			isa = PBXGroup;
			children = (
				FC847B2F21BBB07600FCFB1F /* Sketch_saveAlbumTests.swift */,
				FC847B3121BBB07600FCFB1F /* Info.plist */,
			);
			path = Sketch_saveAlbumTests;
			sourceTree = "<group>";
		};
		FC847B3921BBB07600FCFB1F /* Sketch_saveAlbumUITests */ = {
			isa = PBXGroup;
			children = (
				FC847B3A21BBB07600FCFB1F /* Sketch_saveAlbumUITests.swift */,
				FC847B3C21BBB07600FCFB1F /* Info.plist */,
			);
			path = Sketch_saveAlbumUITests;
			sourceTree = "<group>";
		};
/* End PBXGroup section */

/* Begin PBXNativeTarget section */
		FC847B1621BBB07400FCFB1F /* Sketch_saveAlbum */ = {
			isa = PBXNativeTarget;
			buildConfigurationList = FC847B3F21BBB07600FCFB1F /* Build configuration list for PBXNativeTarget "Sketch_saveAlbum" */;
			buildPhases = (
				599070A5188EA732368D6D98 /* [CP] Check Pods Manifest.lock */,
				FC847B1321BBB07400FCFB1F /* Sources */,
				FC847B1421BBB07400FCFB1F /* Frameworks */,
				FC847B1521BBB07400FCFB1F /* Resources */,
				BE3C6D7338EB6AB5AF4A78EE /* [CP] Embed Pods Frameworks */,
			);
			buildRules = (
			);
			dependencies = (
			);
			name = Sketch_saveAlbum;
			productName = Sketch_saveAlbum;
			productReference = FC847B1721BBB07400FCFB1F /* Sketch_saveAlbum.app */;
			productType = "com.apple.product-type.application";
		};
		FC847B2A21BBB07600FCFB1F /* Sketch_saveAlbumTests */ = {
			isa = PBXNativeTarget;
			buildConfigurationList = FC847B4221BBB07600FCFB1F /* Build configuration list for PBXNativeTarget "Sketch_saveAlbumTests" */;
			buildPhases = (
				F2617A165CA711365903D8C8 /* [CP] Check Pods Manifest.lock */,
				FC847B2721BBB07600FCFB1F /* Sources */,
				FC847B2821BBB07600FCFB1F /* Frameworks */,
				FC847B2921BBB07600FCFB1F /* Resources */,
			);
			buildRules = (
			);
			dependencies = (
				FC847B2D21BBB07600FCFB1F /* PBXTargetDependency */,
			);
			name = Sketch_saveAlbumTests;
			productName = Sketch_saveAlbumTests;
			productReference = FC847B2B21BBB07600FCFB1F /* Sketch_saveAlbumTests.xctest */;
			productType = "com.apple.product-type.bundle.unit-test";
		};
		FC847B3521BBB07600FCFB1F /* Sketch_saveAlbumUITests */ = {
			isa = PBXNativeTarget;
			buildConfigurationList = FC847B4521BBB07600FCFB1F /* Build configuration list for PBXNativeTarget "Sketch_saveAlbumUITests" */;
			buildPhases = (
				7D54C3513081465899ACCC3E /* [CP] Check Pods Manifest.lock */,
				FC847B3221BBB07600FCFB1F /* Sources */,
				FC847B3321BBB07600FCFB1F /* Frameworks */,
				FC847B3421BBB07600FCFB1F /* Resources */,
			);
			buildRules = (
			);
			dependencies = (
				FC847B3821BBB07600FCFB1F /* PBXTargetDependency */,
			);
			name = Sketch_saveAlbumUITests;
			productName = Sketch_saveAlbumUITests;
			productReference = FC847B3621BBB07600FCFB1F /* Sketch_saveAlbumUITests.xctest */;
			productType = "com.apple.product-type.bundle.ui-testing";
		};
/* End PBXNativeTarget section */

/* Begin PBXProject section */
		FC847B0F21BBB07400FCFB1F /* Project object */ = {
			isa = PBXProject;
			attributes = {
				LastSwiftUpdateCheck = 1010;
				LastUpgradeCheck = 1010;
				ORGANIZATIONNAME = jp.co.librastudio;
				TargetAttributes = {
					FC847B1621BBB07400FCFB1F = {
						CreatedOnToolsVersion = 10.1;
					};
					FC847B2A21BBB07600FCFB1F = {
						CreatedOnToolsVersion = 10.1;
						TestTargetID = FC847B1621BBB07400FCFB1F;
					};
					FC847B3521BBB07600FCFB1F = {
						CreatedOnToolsVersion = 10.1;
						TestTargetID = FC847B1621BBB07400FCFB1F;
					};
				};
			};
			buildConfigurationList = FC847B1221BBB07400FCFB1F /* Build configuration list for PBXProject "Sketch_saveAlbum" */;
			compatibilityVersion = "Xcode 9.3";
			developmentRegion = en;
			hasScannedForEncodings = 0;
			knownRegions = (
				en,
				Base,
			);
			mainGroup = FC847B0E21BBB07400FCFB1F;
			productRefGroup = FC847B1821BBB07400FCFB1F /* Products */;
			projectDirPath = "";
			projectRoot = "";
			targets = (
				FC847B1621BBB07400FCFB1F /* Sketch_saveAlbum */,
				FC847B2A21BBB07600FCFB1F /* Sketch_saveAlbumTests */,
				FC847B3521BBB07600FCFB1F /* Sketch_saveAlbumUITests */,
			);
		};
/* End PBXProject section */

/* Begin PBXResourcesBuildPhase section */
		FC847B1521BBB07400FCFB1F /* Resources */ = {
			isa = PBXResourcesBuildPhase;
			buildActionMask = 2147483647;
			files = (
				FC847B2521BBB07600FCFB1F /* LaunchScreen.storyboard in Resources */,
				FC847B2221BBB07600FCFB1F /* Assets.xcassets in Resources */,
				FC847B2021BBB07400FCFB1F /* Main.storyboard in Resources */,
			);
			runOnlyForDeploymentPostprocessing = 0;
		};
		FC847B2921BBB07600FCFB1F /* Resources */ = {
			isa = PBXResourcesBuildPhase;
			buildActionMask = 2147483647;
			files = (
			);
			runOnlyForDeploymentPostprocessing = 0;
		};
		FC847B3421BBB07600FCFB1F /* Resources */ = {
			isa = PBXResourcesBuildPhase;
			buildActionMask = 2147483647;
			files = (
			);
			runOnlyForDeploymentPostprocessing = 0;
		};
/* End PBXResourcesBuildPhase section */

/* Begin PBXShellScriptBuildPhase section */
		599070A5188EA732368D6D98 /* [CP] Check Pods Manifest.lock */ = {
			isa = PBXShellScriptBuildPhase;
			buildActionMask = 2147483647;
			files = (
			);
			inputPaths = (
				"${PODS_PODFILE_DIR_PATH}/Podfile.lock",
				"${PODS_ROOT}/Manifest.lock",
			);
			name = "[CP] Check Pods Manifest.lock";
			outputPaths = (
				"$(DERIVED_FILE_DIR)/Pods-Sketch_saveAlbum-checkManifestLockResult.txt",
			);
			runOnlyForDeploymentPostprocessing = 0;
			shellPath = /bin/sh;
			shellScript = "diff \"${PODS_PODFILE_DIR_PATH}/Podfile.lock\" \"${PODS_ROOT}/Manifest.lock\" > /dev/null\nif [ $? != 0 ] ; then\n    # print error to STDERR\n    echo \"error: The sandbox is not in sync with the Podfile.lock. Run 'pod install' or update your CocoaPods installation.\" >&2\n    exit 1\nfi\n# This output is used by Xcode 'outputs' to avoid re-running this script phase.\necho \"SUCCESS\" > \"${SCRIPT_OUTPUT_FILE_0}\"\n";
			showEnvVarsInLog = 0;
		};
		7D54C3513081465899ACCC3E /* [CP] Check Pods Manifest.lock */ = {
			isa = PBXShellScriptBuildPhase;
			buildActionMask = 2147483647;
			files = (
			);
			inputPaths = (
				"${PODS_PODFILE_DIR_PATH}/Podfile.lock",
				"${PODS_ROOT}/Manifest.lock",
			);
			name = "[CP] Check Pods Manifest.lock";
			outputPaths = (
				"$(DERIVED_FILE_DIR)/Pods-Sketch_saveAlbumUITests-checkManifestLockResult.txt",
			);
			runOnlyForDeploymentPostprocessing = 0;
			shellPath = /bin/sh;
			shellScript = "diff \"${PODS_PODFILE_DIR_PATH}/Podfile.lock\" \"${PODS_ROOT}/Manifest.lock\" > /dev/null\nif [ $? != 0 ] ; then\n    # print error to STDERR\n    echo \"error: The sandbox is not in sync with the Podfile.lock. Run 'pod install' or update your CocoaPods installation.\" >&2\n    exit 1\nfi\n# This output is used by Xcode 'outputs' to avoid re-running this script phase.\necho \"SUCCESS\" > \"${SCRIPT_OUTPUT_FILE_0}\"\n";
			showEnvVarsInLog = 0;
		};
		BE3C6D7338EB6AB5AF4A78EE /* [CP] Embed Pods Frameworks */ = {
			isa = PBXShellScriptBuildPhase;
			buildActionMask = 2147483647;
			files = (
			);
			inputPaths = (
				"${SRCROOT}/Pods/Target Support Files/Pods-Sketch_saveAlbum/Pods-Sketch_saveAlbum-frameworks.sh",
				"${BUILT_PRODUCTS_DIR}/Sketch/Sketch.framework",
			);
			name = "[CP] Embed Pods Frameworks";
			outputPaths = (
				"${TARGET_BUILD_DIR}/${FRAMEWORKS_FOLDER_PATH}/Sketch.framework",
			);
			runOnlyForDeploymentPostprocessing = 0;
			shellPath = /bin/sh;
			shellScript = "\"${SRCROOT}/Pods/Target Support Files/Pods-Sketch_saveAlbum/Pods-Sketch_saveAlbum-frameworks.sh\"\n";
			showEnvVarsInLog = 0;
		};
		F2617A165CA711365903D8C8 /* [CP] Check Pods Manifest.lock */ = {
			isa = PBXShellScriptBuildPhase;
			buildActionMask = 2147483647;
			files = (
			);
			inputPaths = (
				"${PODS_PODFILE_DIR_PATH}/Podfile.lock",
				"${PODS_ROOT}/Manifest.lock",
			);
			name = "[CP] Check Pods Manifest.lock";
			outputPaths = (
				"$(DERIVED_FILE_DIR)/Pods-Sketch_saveAlbumTests-checkManifestLockResult.txt",
			);
			runOnlyForDeploymentPostprocessing = 0;
			shellPath = /bin/sh;
			shellScript = "diff \"${PODS_PODFILE_DIR_PATH}/Podfile.lock\" \"${PODS_ROOT}/Manifest.lock\" > /dev/null\nif [ $? != 0 ] ; then\n    # print error to STDERR\n    echo \"error: The sandbox is not in sync with the Podfile.lock. Run 'pod install' or update your CocoaPods installation.\" >&2\n    exit 1\nfi\n# This output is used by Xcode 'outputs' to avoid re-running this script phase.\necho \"SUCCESS\" > \"${SCRIPT_OUTPUT_FILE_0}\"\n";
			showEnvVarsInLog = 0;
		};
/* End PBXShellScriptBuildPhase section */

/* Begin PBXSourcesBuildPhase section */
		FC847B1321BBB07400FCFB1F /* Sources */ = {
			isa = PBXSourcesBuildPhase;
			buildActionMask = 2147483647;
			files = (
				FC847B4921BBB36000FCFB1F /* PSPhotoManager.swift in Sources */,
				FC847B1D21BBB07400FCFB1F /* ViewController.swift in Sources */,
				FC847B4B21BBB51000FCFB1F /* Utilities.swift in Sources */,
				FC847B1B21BBB07400FCFB1F /* AppDelegate.swift in Sources */,
			);
			runOnlyForDeploymentPostprocessing = 0;
		};
		FC847B2721BBB07600FCFB1F /* Sources */ = {
			isa = PBXSourcesBuildPhase;
			buildActionMask = 2147483647;
			files = (
				FC847B3021BBB07600FCFB1F /* Sketch_saveAlbumTests.swift in Sources */,
			);
			runOnlyForDeploymentPostprocessing = 0;
		};
		FC847B3221BBB07600FCFB1F /* Sources */ = {
			isa = PBXSourcesBuildPhase;
			buildActionMask = 2147483647;
			files = (
				FC847B3B21BBB07600FCFB1F /* Sketch_saveAlbumUITests.swift in Sources */,
			);
			runOnlyForDeploymentPostprocessing = 0;
		};
/* End PBXSourcesBuildPhase section */

/* Begin PBXTargetDependency section */
		FC847B2D21BBB07600FCFB1F /* PBXTargetDependency */ = {
			isa = PBXTargetDependency;
			target = FC847B1621BBB07400FCFB1F /* Sketch_saveAlbum */;
			targetProxy = FC847B2C21BBB07600FCFB1F /* PBXContainerItemProxy */;
		};
		FC847B3821BBB07600FCFB1F /* PBXTargetDependency */ = {
			isa = PBXTargetDependency;
			target = FC847B1621BBB07400FCFB1F /* Sketch_saveAlbum */;
			targetProxy = FC847B3721BBB07600FCFB1F /* PBXContainerItemProxy */;
		};
/* End PBXTargetDependency section */

/* Begin PBXVariantGroup section */
		FC847B1E21BBB07400FCFB1F /* Main.storyboard */ = {
			isa = PBXVariantGroup;
			children = (
				FC847B1F21BBB07400FCFB1F /* Base */,
			);
			name = Main.storyboard;
			sourceTree = "<group>";
		};
		FC847B2321BBB07600FCFB1F /* LaunchScreen.storyboard */ = {
			isa = PBXVariantGroup;
			children = (
				FC847B2421BBB07600FCFB1F /* Base */,
			);
			name = LaunchScreen.storyboard;
			sourceTree = "<group>";
		};
/* End PBXVariantGroup section */

/* Begin XCBuildConfiguration section */
		FC847B3D21BBB07600FCFB1F /* Debug */ = {
			isa = XCBuildConfiguration;
			buildSettings = {
				ALWAYS_SEARCH_USER_PATHS = NO;
				CLANG_ANALYZER_NONNULL = YES;
				CLANG_ANALYZER_NUMBER_OBJECT_CONVERSION = YES_AGGRESSIVE;
				CLANG_CXX_LANGUAGE_STANDARD = "gnu++14";
				CLANG_CXX_LIBRARY = "libc++";
				CLANG_ENABLE_MODULES = YES;
				CLANG_ENABLE_OBJC_ARC = YES;
				CLANG_ENABLE_OBJC_WEAK = YES;
				CLANG_WARN_BLOCK_CAPTURE_AUTORELEASING = YES;
				CLANG_WARN_BOOL_CONVERSION = YES;
				CLANG_WARN_COMMA = YES;
				CLANG_WARN_CONSTANT_CONVERSION = YES;
				CLANG_WARN_DEPRECATED_OBJC_IMPLEMENTATIONS = YES;
				CLANG_WARN_DIRECT_OBJC_ISA_USAGE = YES_ERROR;
				CLANG_WARN_DOCUMENTATION_COMMENTS = YES;
				CLANG_WARN_EMPTY_BODY = YES;
				CLANG_WARN_ENUM_CONVERSION = YES;
				CLANG_WARN_INFINITE_RECURSION = YES;
				CLANG_WARN_INT_CONVERSION = YES;
				CLANG_WARN_NON_LITERAL_NULL_CONVERSION = YES;
				CLANG_WARN_OBJC_IMPLICIT_RETAIN_SELF = YES;
				CLANG_WARN_OBJC_LITERAL_CONVERSION = YES;
				CLANG_WARN_OBJC_ROOT_CLASS = YES_ERROR;
				CLANG_WARN_RANGE_LOOP_ANALYSIS = YES;
				CLANG_WARN_STRICT_PROTOTYPES = YES;
				CLANG_WARN_SUSPICIOUS_MOVE = YES;
				CLANG_WARN_UNGUARDED_AVAILABILITY = YES_AGGRESSIVE;
				CLANG_WARN_UNREACHABLE_CODE = YES;
				CLANG_WARN__DUPLICATE_METHOD_MATCH = YES;
				CODE_SIGN_IDENTITY = "iPhone Developer";
				COPY_PHASE_STRIP = NO;
				DEBUG_INFORMATION_FORMAT = dwarf;
				ENABLE_STRICT_OBJC_MSGSEND = YES;
				ENABLE_TESTABILITY = YES;
				GCC_C_LANGUAGE_STANDARD = gnu11;
				GCC_DYNAMIC_NO_PIC = NO;
				GCC_NO_COMMON_BLOCKS = YES;
				GCC_OPTIMIZATION_LEVEL = 0;
				GCC_PREPROCESSOR_DEFINITIONS = (
					"DEBUG=1",
					"$(inherited)",
				);
				GCC_WARN_64_TO_32_BIT_CONVERSION = YES;
				GCC_WARN_ABOUT_RETURN_TYPE = YES_ERROR;
				GCC_WARN_UNDECLARED_SELECTOR = YES;
				GCC_WARN_UNINITIALIZED_AUTOS = YES_AGGRESSIVE;
				GCC_WARN_UNUSED_FUNCTION = YES;
				GCC_WARN_UNUSED_VARIABLE = YES;
				IPHONEOS_DEPLOYMENT_TARGET = 12.1;
				MTL_ENABLE_DEBUG_INFO = INCLUDE_SOURCE;
				MTL_FAST_MATH = YES;
				ONLY_ACTIVE_ARCH = YES;
				SDKROOT = iphoneos;
				SWIFT_ACTIVE_COMPILATION_CONDITIONS = DEBUG;
				SWIFT_OPTIMIZATION_LEVEL = "-Onone";
			};
			name = Debug;
		};
		FC847B3E21BBB07600FCFB1F /* Release */ = {
			isa = XCBuildConfiguration;
			buildSettings = {
				ALWAYS_SEARCH_USER_PATHS = NO;
				CLANG_ANALYZER_NONNULL = YES;
				CLANG_ANALYZER_NUMBER_OBJECT_CONVERSION = YES_AGGRESSIVE;
				CLANG_CXX_LANGUAGE_STANDARD = "gnu++14";
				CLANG_CXX_LIBRARY = "libc++";
				CLANG_ENABLE_MODULES = YES;
				CLANG_ENABLE_OBJC_ARC = YES;
				CLANG_ENABLE_OBJC_WEAK = YES;
				CLANG_WARN_BLOCK_CAPTURE_AUTORELEASING = YES;
				CLANG_WARN_BOOL_CONVERSION = YES;
				CLANG_WARN_COMMA = YES;
				CLANG_WARN_CONSTANT_CONVERSION = YES;
				CLANG_WARN_DEPRECATED_OBJC_IMPLEMENTATIONS = YES;
				CLANG_WARN_DIRECT_OBJC_ISA_USAGE = YES_ERROR;
				CLANG_WARN_DOCUMENTATION_COMMENTS = YES;
				CLANG_WARN_EMPTY_BODY = YES;
				CLANG_WARN_ENUM_CONVERSION = YES;
				CLANG_WARN_INFINITE_RECURSION = YES;
				CLANG_WARN_INT_CONVERSION = YES;
				CLANG_WARN_NON_LITERAL_NULL_CONVERSION = YES;
				CLANG_WARN_OBJC_IMPLICIT_RETAIN_SELF = YES;
				CLANG_WARN_OBJC_LITERAL_CONVERSION = YES;
				CLANG_WARN_OBJC_ROOT_CLASS = YES_ERROR;
				CLANG_WARN_RANGE_LOOP_ANALYSIS = YES;
				CLANG_WARN_STRICT_PROTOTYPES = YES;
				CLANG_WARN_SUSPICIOUS_MOVE = YES;
				CLANG_WARN_UNGUARDED_AVAILABILITY = YES_AGGRESSIVE;
				CLANG_WARN_UNREACHABLE_CODE = YES;
				CLANG_WARN__DUPLICATE_METHOD_MATCH = YES;
				CODE_SIGN_IDENTITY = "iPhone Developer";
				COPY_PHASE_STRIP = NO;
				DEBUG_INFORMATION_FORMAT = "dwarf-with-dsym";
				ENABLE_NS_ASSERTIONS = NO;
				ENABLE_STRICT_OBJC_MSGSEND = YES;
				GCC_C_LANGUAGE_STANDARD = gnu11;
				GCC_NO_COMMON_BLOCKS = YES;
				GCC_WARN_64_TO_32_BIT_CONVERSION = YES;
				GCC_WARN_ABOUT_RETURN_TYPE = YES_ERROR;
				GCC_WARN_UNDECLARED_SELECTOR = YES;
				GCC_WARN_UNINITIALIZED_AUTOS = YES_AGGRESSIVE;
				GCC_WARN_UNUSED_FUNCTION = YES;
				GCC_WARN_UNUSED_VARIABLE = YES;
				IPHONEOS_DEPLOYMENT_TARGET = 12.1;
				MTL_ENABLE_DEBUG_INFO = NO;
				MTL_FAST_MATH = YES;
				SDKROOT = iphoneos;
				SWIFT_COMPILATION_MODE = wholemodule;
				SWIFT_OPTIMIZATION_LEVEL = "-O";
				VALIDATE_PRODUCT = YES;
			};
			name = Release;
		};
		FC847B4021BBB07600FCFB1F /* Debug */ = {
			isa = XCBuildConfiguration;
			baseConfigurationReference = 9BA00A3D8E17D92C35B5BBF7 /* Pods-Sketch_saveAlbum.debug.xcconfig */;
			buildSettings = {
				ASSETCATALOG_COMPILER_APPICON_NAME = AppIcon;
				CODE_SIGN_STYLE = Automatic;
				INFOPLIST_FILE = Sketch_saveAlbum/Info.plist;
				LD_RUNPATH_SEARCH_PATHS = (
					"$(inherited)",
					"@executable_path/Frameworks",
				);
				PRODUCT_BUNDLE_IDENTIFIER = "jp.co.librastudio.Sketch-saveAlbum";
				PRODUCT_NAME = "$(TARGET_NAME)";
				SWIFT_VERSION = 4.2;
				TARGETED_DEVICE_FAMILY = "1,2";
			};
			name = Debug;
		};
		FC847B4121BBB07600FCFB1F /* Release */ = {
			isa = XCBuildConfiguration;
			baseConfigurationReference = DC0B70ADFB1FEBE209C48F36 /* Pods-Sketch_saveAlbum.release.xcconfig */;
			buildSettings = {
				ASSETCATALOG_COMPILER_APPICON_NAME = AppIcon;
				CODE_SIGN_STYLE = Automatic;
				INFOPLIST_FILE = Sketch_saveAlbum/Info.plist;
				LD_RUNPATH_SEARCH_PATHS = (
					"$(inherited)",
					"@executable_path/Frameworks",
				);
				PRODUCT_BUNDLE_IDENTIFIER = "jp.co.librastudio.Sketch-saveAlbum";
				PRODUCT_NAME = "$(TARGET_NAME)";
				SWIFT_VERSION = 4.2;
				TARGETED_DEVICE_FAMILY = "1,2";
			};
			name = Release;
		};
		FC847B4321BBB07600FCFB1F /* Debug */ = {
			isa = XCBuildConfiguration;
			baseConfigurationReference = C4DE5F97F051CC39A3EE9B1E /* Pods-Sketch_saveAlbumTests.debug.xcconfig */;
			buildSettings = {
				ALWAYS_EMBED_SWIFT_STANDARD_LIBRARIES = YES;
				BUNDLE_LOADER = "$(TEST_HOST)";
				CODE_SIGN_STYLE = Automatic;
				INFOPLIST_FILE = Sketch_saveAlbumTests/Info.plist;
				LD_RUNPATH_SEARCH_PATHS = (
					"$(inherited)",
					"@executable_path/Frameworks",
					"@loader_path/Frameworks",
				);
				PRODUCT_BUNDLE_IDENTIFIER = "jp.co.librastudio.Sketch-saveAlbumTests";
				PRODUCT_NAME = "$(TARGET_NAME)";
				SWIFT_VERSION = 4.2;
				TARGETED_DEVICE_FAMILY = "1,2";
				TEST_HOST = "$(BUILT_PRODUCTS_DIR)/Sketch_saveAlbum.app/Sketch_saveAlbum";
			};
			name = Debug;
		};
		FC847B4421BBB07600FCFB1F /* Release */ = {
			isa = XCBuildConfiguration;
			baseConfigurationReference = FA0D33CD95594989A262D879 /* Pods-Sketch_saveAlbumTests.release.xcconfig */;
			buildSettings = {
				ALWAYS_EMBED_SWIFT_STANDARD_LIBRARIES = YES;
				BUNDLE_LOADER = "$(TEST_HOST)";
				CODE_SIGN_STYLE = Automatic;
				INFOPLIST_FILE = Sketch_saveAlbumTests/Info.plist;
				LD_RUNPATH_SEARCH_PATHS = (
					"$(inherited)",
					"@executable_path/Frameworks",
					"@loader_path/Frameworks",
				);
				PRODUCT_BUNDLE_IDENTIFIER = "jp.co.librastudio.Sketch-saveAlbumTests";
				PRODUCT_NAME = "$(TARGET_NAME)";
				SWIFT_VERSION = 4.2;
				TARGETED_DEVICE_FAMILY = "1,2";
				TEST_HOST = "$(BUILT_PRODUCTS_DIR)/Sketch_saveAlbum.app/Sketch_saveAlbum";
			};
			name = Release;
		};
		FC847B4621BBB07600FCFB1F /* Debug */ = {
			isa = XCBuildConfiguration;
			baseConfigurationReference = B02EEE5AA0FEF702CF1FCD20 /* Pods-Sketch_saveAlbumUITests.debug.xcconfig */;
			buildSettings = {
				ALWAYS_EMBED_SWIFT_STANDARD_LIBRARIES = YES;
				CODE_SIGN_STYLE = Automatic;
				INFOPLIST_FILE = Sketch_saveAlbumUITests/Info.plist;
				LD_RUNPATH_SEARCH_PATHS = (
					"$(inherited)",
					"@executable_path/Frameworks",
					"@loader_path/Frameworks",
				);
				PRODUCT_BUNDLE_IDENTIFIER = "jp.co.librastudio.Sketch-saveAlbumUITests";
				PRODUCT_NAME = "$(TARGET_NAME)";
				SWIFT_VERSION = 4.2;
				TARGETED_DEVICE_FAMILY = "1,2";
				TEST_TARGET_NAME = Sketch_saveAlbum;
			};
			name = Debug;
		};
		FC847B4721BBB07600FCFB1F /* Release */ = {
			isa = XCBuildConfiguration;
			baseConfigurationReference = 16F18C10230A9E1AB2092C74 /* Pods-Sketch_saveAlbumUITests.release.xcconfig */;
			buildSettings = {
				ALWAYS_EMBED_SWIFT_STANDARD_LIBRARIES = YES;
				CODE_SIGN_STYLE = Automatic;
				INFOPLIST_FILE = Sketch_saveAlbumUITests/Info.plist;
				LD_RUNPATH_SEARCH_PATHS = (
					"$(inherited)",
					"@executable_path/Frameworks",
					"@loader_path/Frameworks",
				);
				PRODUCT_BUNDLE_IDENTIFIER = "jp.co.librastudio.Sketch-saveAlbumUITests";
				PRODUCT_NAME = "$(TARGET_NAME)";
				SWIFT_VERSION = 4.2;
				TARGETED_DEVICE_FAMILY = "1,2";
				TEST_TARGET_NAME = Sketch_saveAlbum;
			};
			name = Release;
		};
/* End XCBuildConfiguration section */

/* Begin XCConfigurationList section */
		FC847B1221BBB07400FCFB1F /* Build configuration list for PBXProject "Sketch_saveAlbum" */ = {
			isa = XCConfigurationList;
			buildConfigurations = (
				FC847B3D21BBB07600FCFB1F /* Debug */,
				FC847B3E21BBB07600FCFB1F /* Release */,
			);
			defaultConfigurationIsVisible = 0;
			defaultConfigurationName = Release;
		};
		FC847B3F21BBB07600FCFB1F /* Build configuration list for PBXNativeTarget "Sketch_saveAlbum" */ = {
			isa = XCConfigurationList;
			buildConfigurations = (
				FC847B4021BBB07600FCFB1F /* Debug */,
				FC847B4121BBB07600FCFB1F /* Release */,
			);
			defaultConfigurationIsVisible = 0;
			defaultConfigurationName = Release;
		};
		FC847B4221BBB07600FCFB1F /* Build configuration list for PBXNativeTarget "Sketch_saveAlbumTests" */ = {
			isa = XCConfigurationList;
			buildConfigurations = (
				FC847B4321BBB07600FCFB1F /* Debug */,
				FC847B4421BBB07600FCFB1F /* Release */,
			);
			defaultConfigurationIsVisible = 0;
			defaultConfigurationName = Release;
		};
		FC847B4521BBB07600FCFB1F /* Build configuration list for PBXNativeTarget "Sketch_saveAlbumUITests" */ = {
			isa = XCConfigurationList;
			buildConfigurations = (
				FC847B4621BBB07600FCFB1F /* Debug */,
				FC847B4721BBB07600FCFB1F /* Release */,
			);
			defaultConfigurationIsVisible = 0;
			defaultConfigurationName = Release;
		};
/* End XCConfigurationList section */
	};
	rootObject = FC847B0F21BBB07400FCFB1F /* Project object */;
}
